// !$*UTF8*$!
{
	archiveVersion = 1;
	classes = {
	};
	objectVersion = 46;
	objects = {

/* Begin PBXBuildFile section */
		E45FA46520D1C96D0076FD1B /* main.c in Sources */ = {isa = PBXBuildFile; fileRef = E45FA46420D1C96D0076FD1B /* main.c */; };
		E45FA48020D6C9F40076FD1B /* tic_tac_toe.c in Sources */ = {isa = PBXBuildFile; fileRef = E45FA47E20D6C9F40076FD1B /* tic_tac_toe.c */; };
/* End PBXBuildFile section */

/* Begin PBXCopyFilesBuildPhase section */
		E45FA45F20D1C96D0076FD1B /* CopyFiles */ = {
			isa = PBXCopyFilesBuildPhase;
			buildActionMask = 2147483647;
			dstPath = /usr/share/man/man1/;
			dstSubfolderSpec = 0;
			files = (
			);
			runOnlyForDeploymentPostprocessing = 1;
		};
/* End PBXCopyFilesBuildPhase section */

/* Begin PBXFileReference section */
		E45FA46120D1C96D0076FD1B /* tic_tac_toe */ = {isa = PBXFileReference; explicitFileType = "compiled.mach-o.executable"; includeInIndex = 0; path = tic_tac_toe; sourceTree = BUILT_PRODUCTS_DIR; };
		E45FA46420D1C96D0076FD1B /* main.c */ = {isa = PBXFileReference; lastKnownFileType = sourcecode.c.c; path = main.c; sourceTree = "<group>"; };
		E45FA47E20D6C9F40076FD1B /* tic_tac_toe.c */ = {isa = PBXFileReference; fileEncoding = 4; lastKnownFileType = sourcecode.c.c; path = tic_tac_toe.c; sourceTree = "<group>"; };
		E45FA47F20D6C9F40076FD1B /* tic_tac_toe.h */ = {isa = PBXFileReference; fileEncoding = 4; lastKnownFileType = sourcecode.c.h; path = tic_tac_toe.h; sourceTree = "<group>"; };
/* End PBXFileReference section */

/* Begin PBXFrameworksBuildPhase section */
		E45FA45E20D1C96D0076FD1B /* Frameworks */ = {
			isa = PBXFrameworksBuildPhase;
			buildActionMask = 2147483647;
			files = (
			);
			runOnlyForDeploymentPostprocessing = 0;
		};
/* End PBXFrameworksBuildPhase section */

/* Begin PBXGroup section */
		E45FA45820D1C96D0076FD1B = {
			isa = PBXGroup;
			children = (
				E45FA46320D1C96D0076FD1B /* tic_tac_toe */,
				E45FA46220D1C96D0076FD1B /* Products */,
			);
			sourceTree = "<group>";
		};
		E45FA46220D1C96D0076FD1B /* Products */ = {
			isa = PBXGroup;
			children = (
				E45FA46120D1C96D0076FD1B /* tic_tac_toe */,
			);
			name = Products;
			sourceTree = "<group>";
		};
		E45FA46320D1C96D0076FD1B /* tic_tac_toe */ = {
			isa = PBXGroup;
			children = (
				E45FA46420D1C96D0076FD1B /* main.c */,
				E45FA47E20D6C9F40076FD1B /* tic_tac_toe.c */,
				E45FA47F20D6C9F40076FD1B /* tic_tac_toe.h */,
			);
			path = tic_tac_toe;
			sourceTree = "<group>";
		};
/* End PBXGroup section */

/* Begin PBXNativeTarget section */
		E45FA46020D1C96D0076FD1B /* tic_tac_toe */ = {
			isa = PBXNativeTarget;
			buildConfigurationList = E45FA46820D1C96D0076FD1B /* Build configuration list for PBXNativeTarget "tic_tac_toe" */;
			buildPhases = (
				E45FA45D20D1C96D0076FD1B /* Sources */,
				E45FA45E20D1C96D0076FD1B /* Frameworks */,
				E45FA45F20D1C96D0076FD1B /* CopyFiles */,
			);
			buildRules = (
			);
			dependencies = (
			);
			name = tic_tac_toe;
			productName = tic_tac_toe;
			productReference = E45FA46120D1C96D0076FD1B /* tic_tac_toe */;
			productType = "com.apple.product-type.tool";
		};
/* End PBXNativeTarget section */

/* Begin PBXProject section */
		E45FA45920D1C96D0076FD1B /* Project object */ = {
			isa = PBXProject;
			attributes = {
				LastUpgradeCheck = 0830;
				ORGANIZATIONNAME = "John VanSchultz";
				TargetAttributes = {
					E45FA46020D1C96D0076FD1B = {
						CreatedOnToolsVersion = 8.3.3;
						ProvisioningStyle = Automatic;
					};
				};
			};
			buildConfigurationList = E45FA45C20D1C96D0076FD1B /* Build configuration list for PBXProject "tic_tac_toe" */;
			compatibilityVersion = "Xcode 3.2";
			developmentRegion = English;
			hasScannedForEncodings = 0;
			knownRegions = (
				en,
			);
			mainGroup = E45FA45820D1C96D0076FD1B;
			productRefGroup = E45FA46220D1C96D0076FD1B /* Products */;
			projectDirPath = "";
			projectRoot = "";
			targets = (
				E45FA46020D1C96D0076FD1B /* tic_tac_toe */,
			);
		};
/* End PBXProject section */

/* Begin PBXSourcesBuildPhase section */
		E45FA45D20D1C96D0076FD1B /* Sources */ = {
			isa = PBXSourcesBuildPhase;
			buildActionMask = 2147483647;
			files = (
				E45FA48020D6C9F40076FD1B /* tic_tac_toe.c in Sources */,
				E45FA46520D1C96D0076FD1B /* main.c in Sources */,
			);
			runOnlyForDeploymentPostprocessing = 0;
		};
/* End PBXSourcesBuildPhase section */

/* Begin XCBuildConfiguration section */
		E45FA46620D1C96D0076FD1B /* Debug */ = {
			isa = XCBuildConfiguration;
			buildSettings = {
				ALWAYS_SEARCH_USER_PATHS = NO;
				CLANG_ANALYZER_NONNULL = YES;
				CLANG_ANALYZER_NUMBER_OBJECT_CONVERSION = YES_AGGRESSIVE;
				CLANG_CXX_LANGUAGE_STANDARD = "gnu++0x";
				CLANG_CXX_LIBRARY = "libc++";
				CLANG_ENABLE_MODULES = YES;
				CLANG_ENABLE_OBJC_ARC = YES;
				CLANG_WARN_BOOL_CONVERSION = YES;
				CLANG_WARN_CONSTANT_CONVERSION = YES;
				CLANG_WARN_DIRECT_OBJC_ISA_USAGE = YES_ERROR;
				CLANG_WARN_DOCUMENTATION_COMMENTS = YES;
				CLANG_WARN_EMPTY_BODY = YES;
				CLANG_WARN_ENUM_CONVERSION = YES;
				CLANG_WARN_INFINITE_RECURSION = YES;
				CLANG_WARN_INT_CONVERSION = YES;
				CLANG_WARN_OBJC_ROOT_CLASS = YES_ERROR;
				CLANG_WARN_SUSPICIOUS_MOVE = YES;
				CLANG_WARN_UNREACHABLE_CODE = YES;
				CLANG_WARN__DUPLICATE_METHOD_MATCH = YES;
				CODE_SIGN_IDENTITY = "-";
				COPY_PHASE_STRIP = NO;
				DEBUG_INFORMATION_FORMAT = dwarf;
				ENABLE_STRICT_OBJC_MSGSEND = YES;
				ENABLE_TESTABILITY = YES;
				GCC_C_LANGUAGE_STANDARD = gnu99;
				GCC_DYNAMIC_NO_PIC = NO;
				GCC_NO_COMMON_BLOCKS = YES;
				GCC_OPTIMIZATION_LEVEL = 0;
				GCC_PREPROCESSOR_DEFINITIONS = (
					"DEBUG=1",
					"$(inherited)",
				);
				GCC_WARN_64_TO_32_BIT_CONVERSION = YES;
				GCC_WARN_ABOUT_RETURN_TYPE = YES_ERROR;
				GCC_WARN_UNDECLARED_SELECTOR = YES;
				GCC_WARN_UNINITIALIZED_AUTOS = YES_AGGRESSIVE;
				GCC_WARN_UNUSED_FUNCTION = YES;
				GCC_WARN_UNUSED_VARIABLE = YES;
				MACOSX_DEPLOYMENT_TARGET = 10.12;
				MTL_ENABLE_DEBUG_INFO = YES;
				ONLY_ACTIVE_ARCH = YES;
				SDKROOT = macosx;
			};
			name = Debug;
		};
		E45FA46720D1C96D0076FD1B /* Release */ = {
			isa = XCBuildConfiguration;
			buildSettings = {
				ALWAYS_SEARCH_USER_PATHS = NO;
				CLANG_ANALYZER_NONNULL = YES;
				CLANG_ANALYZER_NUMBER_OBJECT_CONVERSION = YES_AGGRESSIVE;
				CLANG_CXX_LANGUAGE_STANDARD = "gnu++0x";
				CLANG_CXX_LIBRARY = "libc++";
				CLANG_ENABLE_MODULES = YES;
				CLANG_ENABLE_OBJC_ARC = YES;
				CLANG_WARN_BOOL_CONVERSION = YES;
				CLANG_WARN_CONSTANT_CONVERSION = YES;
				CLANG_WARN_DIRECT_OBJC_ISA_USAGE = YES_ERROR;
				CLANG_WARN_DOCUMENTATION_COMMENTS = YES;
				CLANG_WARN_EMPTY_BODY = YES;
				CLANG_WARN_ENUM_CONVERSION = YES;
				CLANG_WARN_INFINITE_RECURSION = YES;
				CLANG_WARN_INT_CONVERSION = YES;
				CLANG_WARN_OBJC_ROOT_CLASS = YES_ERROR;
				CLANG_WARN_SUSPICIOUS_MOVE = YES;
				CLANG_WARN_UNREACHABLE_CODE = YES;
				CLANG_WARN__DUPLICATE_METHOD_MATCH = YES;
				CODE_SIGN_IDENTITY = "-";
				COPY_PHASE_STRIP = NO;
				DEBUG_INFORMATION_FORMAT = "dwarf-with-dsym";
				ENABLE_NS_ASSERTIONS = NO;
				ENABLE_STRICT_OBJC_MSGSEND = YES;
				GCC_C_LANGUAGE_STANDARD = gnu99;
				GCC_NO_COMMON_BLOCKS = YES;
				GCC_WARN_64_TO_32_BIT_CONVERSION = YES;
				GCC_WARN_ABOUT_RETURN_TYPE = YES_ERROR;
				GCC_WARN_UNDECLARED_SELECTOR = YES;
				GCC_WARN_UNINITIALIZED_AUTOS = YES_AGGRESSIVE;
				GCC_WARN_UNUSED_FUNCTION = YES;
				GCC_WARN_UNUSED_VARIABLE = YES;
				MACOSX_DEPLOYMENT_TARGET = 10.12;
				MTL_ENABLE_DEBUG_INFO = NO;
				SDKROOT = macosx;
			};
			name = Release;
		};
		E45FA46920D1C96D0076FD1B /* Debug */ = {
			isa = XCBuildConfiguration;
			buildSettings = {
				PRODUCT_NAME = "$(TARGET_NAME)";
			};
			name = Debug;
		};
		E45FA46A20D1C96D0076FD1B /* Release */ = {
			isa = XCBuildConfiguration;
			buildSettings = {
				PRODUCT_NAME = "$(TARGET_NAME)";
			};
			name = Release;
		};
/* End XCBuildConfiguration section */

/* Begin XCConfigurationList section */
		E45FA45C20D1C96D0076FD1B /* Build configuration list for PBXProject "tic_tac_toe" */ = {
			isa = XCConfigurationList;
			buildConfigurations = (
				E45FA46620D1C96D0076FD1B /* Debug */,
				E45FA46720D1C96D0076FD1B /* Release */,
			);
			defaultConfigurationIsVisible = 0;
			defaultConfigurationName = Release;
		};
		E45FA46820D1C96D0076FD1B /* Build configuration list for PBXNativeTarget "tic_tac_toe" */ = {
			isa = XCConfigurationList;
			buildConfigurations = (
				E45FA46920D1C96D0076FD1B /* Debug */,
				E45FA46A20D1C96D0076FD1B /* Release */,
			);
			defaultConfigurationIsVisible = 0;
		};
/* End XCConfigurationList section */
	};
	rootObject = E45FA45920D1C96D0076FD1B /* Project object */;
}
